{
  "pins" : [
    {
      "identity" : "xslabsswift",
      "kind" : "remoteSourceControl",
      "location" : "https://github.com/macmade/XSLabsSwift",
      "state" : {
        "revision" : "6b8d7b10fed8db6f0c20ba7539fa133e3747464d",
        "version" : "1.0.0"
      }
    }
  ],
  "version" : 2
}
