// !$*UTF8*$!
{
	archiveVersion = 1;
	classes = {
	};
	objectVersion = 56;
	objects = {

/* Begin PBXBuildFile section */
		05C3C19F2A856EC400436F6D /* Test-Memory.swift in Sources */ = {isa = PBXBuildFile; fileRef = 05C3C19E2A856EC400436F6D /* Test-Memory.swift */; };
		05C3C1A02A856EC400436F6D /* libMOS-6502-Emulator.a in Frameworks */ = {isa = PBXBuildFile; fileRef = 05C3C13B2A8568D500436F6D /* libMOS-6502-Emulator.a */; };
		05C3C1A72A85700100436F6D /* Memory.swift in Sources */ = {isa = PBXBuildFile; fileRef = 05C3C1A62A85700100436F6D /* Memory.swift */; };
		05C3C1A92A85700700436F6D /* CPU.swift in Sources */ = {isa = PBXBuildFile; fileRef = 05C3C1A82A85700700436F6D /* CPU.swift */; };
		05C3C1AB2A85703200436F6D /* Test-CPU.swift in Sources */ = {isa = PBXBuildFile; fileRef = 05C3C1AA2A85703200436F6D /* Test-CPU.swift */; };
		05C3C1B32A85708C00436F6D /* main.swift in Sources */ = {isa = PBXBuildFile; fileRef = 05C3C1B22A85708C00436F6D /* main.swift */; };
		05C3C1BA2A8570A900436F6D /* libMOS-6502-Emulator.a in Frameworks */ = {isa = PBXBuildFile; fileRef = 05C3C13B2A8568D500436F6D /* libMOS-6502-Emulator.a */; };
		05C3C1BD2A8572B100436F6D /* RuntimeError.swift in Sources */ = {isa = PBXBuildFile; fileRef = 05C3C1BC2A8572B100436F6D /* RuntimeError.swift */; };
		05C3C1D52A85948500436F6D /* Registers.swift in Sources */ = {isa = PBXBuildFile; fileRef = 05C3C1D42A85948500436F6D /* Registers.swift */; };
		05C3C1D72A85A43A00436F6D /* Instructions.swift in Sources */ = {isa = PBXBuildFile; fileRef = 05C3C1D62A85A43A00436F6D /* Instructions.swift */; };
		05C3C1DA2A85A96600436F6D /* LDA.swift in Sources */ = {isa = PBXBuildFile; fileRef = 05C3C1D92A85A96600436F6D /* LDA.swift */; };
		05C3C1DC2A85ABFF00436F6D /* BinaryInteger.swift in Sources */ = {isa = PBXBuildFile; fileRef = 05C3C1DB2A85ABFF00436F6D /* BinaryInteger.swift */; };
		05C3C1DE2A85B1A400436F6D /* LDX.swift in Sources */ = {isa = PBXBuildFile; fileRef = 05C3C1DD2A85B1A400436F6D /* LDX.swift */; };
		05C3C1E02A85B1AE00436F6D /* LDY.swift in Sources */ = {isa = PBXBuildFile; fileRef = 05C3C1DF2A85B1AE00436F6D /* LDY.swift */; };
		05C3C1E22A85B28F00436F6D /* LD.swift in Sources */ = {isa = PBXBuildFile; fileRef = 05C3C1E12A85B28F00436F6D /* LD.swift */; };
		05C3C1E42A8645F200436F6D /* Test-Registers-Flags.swift in Sources */ = {isa = PBXBuildFile; fileRef = 05C3C1E32A8645F200436F6D /* Test-Registers-Flags.swift */; };
		05C3C1E62A86471300436F6D /* Test-BinaryInteger.swift in Sources */ = {isa = PBXBuildFile; fileRef = 05C3C1E52A86471300436F6D /* Test-BinaryInteger.swift */; };
		05C3C1F12A8655B100436F6D /* CLD.swift in Sources */ = {isa = PBXBuildFile; fileRef = 05C3C1F02A8655B100436F6D /* CLD.swift */; };
		05C3C1F32A86572F00436F6D /* CLI.swift in Sources */ = {isa = PBXBuildFile; fileRef = 05C3C1F22A86572F00436F6D /* CLI.swift */; };
		05C3C1F72A865D5300436F6D /* Computer.swift in Sources */ = {isa = PBXBuildFile; fileRef = 05C3C1F62A865D5300436F6D /* Computer.swift */; };
		05C3C1F92A865D5900436F6D /* ROM.swift in Sources */ = {isa = PBXBuildFile; fileRef = 05C3C1F82A865D5900436F6D /* ROM.swift */; };
		05C3C1FB2A865D6D00436F6D /* Apple1ROM.swift in Sources */ = {isa = PBXBuildFile; fileRef = 05C3C1FA2A865D6D00436F6D /* Apple1ROM.swift */; };
		05C3C1FF2A8661E800436F6D /* Disassembler.swift in Sources */ = {isa = PBXBuildFile; fileRef = 05C3C1FE2A8661E800436F6D /* Disassembler.swift */; };
		05C3C2012A86798200436F6D /* STA.swift in Sources */ = {isa = PBXBuildFile; fileRef = 05C3C2002A86798200436F6D /* STA.swift */; };
		05C3C2032A86798800436F6D /* STX.swift in Sources */ = {isa = PBXBuildFile; fileRef = 05C3C2022A86798800436F6D /* STX.swift */; };
		05C3C2052A86798D00436F6D /* STY.swift in Sources */ = {isa = PBXBuildFile; fileRef = 05C3C2042A86798D00436F6D /* STY.swift */; };
		05C3C2082A867F4600436F6D /* Apple1BasicROM.swift in Sources */ = {isa = PBXBuildFile; fileRef = 05C3C2072A867F4600436F6D /* Apple1BasicROM.swift */; };
		05C3C20A2A8687EC00436F6D /* Test-Instruction-LDA.swift in Sources */ = {isa = PBXBuildFile; fileRef = 05C3C2092A8687EC00436F6D /* Test-Instruction-LDA.swift */; };
		05C3C20C2A868A6300436F6D /* Test-Instruction.swift in Sources */ = {isa = PBXBuildFile; fileRef = 05C3C20B2A868A6300436F6D /* Test-Instruction.swift */; };
		05C3C20E2A868C8900436F6D /* Test-Instruction-CLD.swift in Sources */ = {isa = PBXBuildFile; fileRef = 05C3C20D2A868C8900436F6D /* Test-Instruction-CLD.swift */; };
		05C3C2102A868D2300436F6D /* Test-Instruction-CLI.swift in Sources */ = {isa = PBXBuildFile; fileRef = 05C3C20F2A868D2300436F6D /* Test-Instruction-CLI.swift */; };
		05C3C2122A87A11D00436F6D /* Instruction.swift in Sources */ = {isa = PBXBuildFile; fileRef = 05C3C2112A87A11D00436F6D /* Instruction.swift */; };
/* End PBXBuildFile section */

/* Begin PBXContainerItemProxy section */
		05C3C1A12A856EC400436F6D /* PBXContainerItemProxy */ = {
			isa = PBXContainerItemProxy;
			containerPortal = 05C3C1332A8568D500436F6D /* Project object */;
			proxyType = 1;
			remoteGlobalIDString = 05C3C13A2A8568D500436F6D;
			remoteInfo = "MOS-6502-Emulator";
		};
		05C3C1B72A8570A500436F6D /* PBXContainerItemProxy */ = {
			isa = PBXContainerItemProxy;
			containerPortal = 05C3C1332A8568D500436F6D /* Project object */;
			proxyType = 1;
			remoteGlobalIDString = 05C3C13A2A8568D500436F6D;
			remoteInfo = "MOS-6502-Emulator";
		};
/* End PBXContainerItemProxy section */

/* Begin PBXCopyFilesBuildPhase section */
		05C3C1EC2A8652BF00436F6D /* CopyFiles */ = {
			isa = PBXCopyFilesBuildPhase;
			buildActionMask = 2147483647;
			dstPath = "";
			dstSubfolderSpec = 16;
			files = (
			);
			runOnlyForDeploymentPostprocessing = 0;
		};
/* End PBXCopyFilesBuildPhase section */

/* Begin PBXFileReference section */
		05C3C13B2A8568D500436F6D /* libMOS-6502-Emulator.a */ = {isa = PBXFileReference; explicitFileType = archive.ar; includeInIndex = 0; path = "libMOS-6502-Emulator.a"; sourceTree = BUILT_PRODUCTS_DIR; };
		05C3C1472A85698100436F6D /* README.md */ = {isa = PBXFileReference; lastKnownFileType = net.daringfireball.markdown; path = README.md; sourceTree = "<group>"; };
		05C3C1482A85698100436F6D /* CODE_OF_CONDUCT.md */ = {isa = PBXFileReference; lastKnownFileType = net.daringfireball.markdown; path = CODE_OF_CONDUCT.md; sourceTree = "<group>"; };
		05C3C1492A85698100436F6D /* LICENSE */ = {isa = PBXFileReference; lastKnownFileType = text; path = LICENSE; sourceTree = "<group>"; };
		05C3C14B2A856AA400436F6D /* FUNDING.yml */ = {isa = PBXFileReference; lastKnownFileType = text.yaml; path = FUNDING.yml; sourceTree = "<group>"; };
		05C3C14D2A856AA400436F6D /* ci-mac.yaml */ = {isa = PBXFileReference; lastKnownFileType = text.yaml; path = "ci-mac.yaml"; sourceTree = "<group>"; };
		05C3C14F2A856B6F00436F6D /* CODE_OF_CONDUCT.md */ = {isa = PBXFileReference; lastKnownFileType = net.daringfireball.markdown; path = CODE_OF_CONDUCT.md; sourceTree = "<group>"; };
		05C3C1502A856B6F00436F6D /* Release - ccache.xcconfig */ = {isa = PBXFileReference; lastKnownFileType = text.xcconfig; path = "Release - ccache.xcconfig"; sourceTree = "<group>"; };
		05C3C1512A856B6F00436F6D /* Common.xcconfig */ = {isa = PBXFileReference; lastKnownFileType = text.xcconfig; path = Common.xcconfig; sourceTree = "<group>"; };
		05C3C1522A856B6F00436F6D /* Debug - ccache.xcconfig */ = {isa = PBXFileReference; lastKnownFileType = text.xcconfig; path = "Debug - ccache.xcconfig"; sourceTree = "<group>"; };
		05C3C1532A856B6F00436F6D /* Debug.xcconfig */ = {isa = PBXFileReference; lastKnownFileType = text.xcconfig; path = Debug.xcconfig; sourceTree = "<group>"; };
		05C3C1542A856B6F00436F6D /* Release.xcconfig */ = {isa = PBXFileReference; lastKnownFileType = text.xcconfig; path = Release.xcconfig; sourceTree = "<group>"; };
		05C3C1552A856B6F00436F6D /* README.md */ = {isa = PBXFileReference; lastKnownFileType = net.daringfireball.markdown; path = README.md; sourceTree = "<group>"; };
		05C3C1562A856B6F00436F6D /* Release - Library.xcconfig */ = {isa = PBXFileReference; lastKnownFileType = text.xcconfig; path = "Release - Library.xcconfig"; sourceTree = "<group>"; };
		05C3C1582A856B6F00436F6D /* Signing.xcconfig */ = {isa = PBXFileReference; lastKnownFileType = text.xcconfig; path = Signing.xcconfig; sourceTree = "<group>"; };
		05C3C1592A856B6F00436F6D /* Architectures.xcconfig */ = {isa = PBXFileReference; lastKnownFileType = text.xcconfig; path = Architectures.xcconfig; sourceTree = "<group>"; };
		05C3C15B2A856B6F00436F6D /* Issues.xcconfig */ = {isa = PBXFileReference; lastKnownFileType = text.xcconfig; path = Issues.xcconfig; sourceTree = "<group>"; };
		05C3C15D2A856B6F00436F6D /* Apple-APIs.xcconfig */ = {isa = PBXFileReference; lastKnownFileType = text.xcconfig; path = "Apple-APIs.xcconfig"; sourceTree = "<group>"; };
		05C3C15E2A856B6F00436F6D /* Generic-Issues.xcconfig */ = {isa = PBXFileReference; lastKnownFileType = text.xcconfig; path = "Generic-Issues.xcconfig"; sourceTree = "<group>"; };
		05C3C15F2A856B6F00436F6D /* Security.xcconfig */ = {isa = PBXFileReference; lastKnownFileType = text.xcconfig; path = Security.xcconfig; sourceTree = "<group>"; };
		05C3C1602A856B6F00436F6D /* Objective-C.xcconfig */ = {isa = PBXFileReference; lastKnownFileType = text.xcconfig; path = "Objective-C.xcconfig"; sourceTree = "<group>"; };
		05C3C1612A856B6F00436F6D /* Analysis-Policy.xcconfig */ = {isa = PBXFileReference; lastKnownFileType = text.xcconfig; path = "Analysis-Policy.xcconfig"; sourceTree = "<group>"; };
		05C3C1622A856B6F00436F6D /* Deployment.xcconfig */ = {isa = PBXFileReference; lastKnownFileType = text.xcconfig; path = Deployment.xcconfig; sourceTree = "<group>"; };
		05C3C1632A856B6F00436F6D /* Build-Options.xcconfig */ = {isa = PBXFileReference; lastKnownFileType = text.xcconfig; path = "Build-Options.xcconfig"; sourceTree = "<group>"; };
		05C3C1642A856B6F00436F6D /* Swift-Compiler.xcconfig */ = {isa = PBXFileReference; lastKnownFileType = text.xcconfig; path = "Swift-Compiler.xcconfig"; sourceTree = "<group>"; };
		05C3C1652A856B6F00436F6D /* Static-Analyzer.xcconfig */ = {isa = PBXFileReference; lastKnownFileType = text.xcconfig; path = "Static-Analyzer.xcconfig"; sourceTree = "<group>"; };
		05C3C1672A856B6F00436F6D /* Warnings-Policies.xcconfig */ = {isa = PBXFileReference; lastKnownFileType = text.xcconfig; path = "Warnings-Policies.xcconfig"; sourceTree = "<group>"; };
		05C3C1682A856B6F00436F6D /* Code-Generation.xcconfig */ = {isa = PBXFileReference; lastKnownFileType = text.xcconfig; path = "Code-Generation.xcconfig"; sourceTree = "<group>"; };
		05C3C1692A856B6F00436F6D /* Language.xcconfig */ = {isa = PBXFileReference; lastKnownFileType = text.xcconfig; path = Language.xcconfig; sourceTree = "<group>"; };
		05C3C16A2A856B6F00436F6D /* General.xcconfig */ = {isa = PBXFileReference; lastKnownFileType = text.xcconfig; path = General.xcconfig; sourceTree = "<group>"; };
		05C3C16B2A856B6F00436F6D /* Search-Paths.xcconfig */ = {isa = PBXFileReference; lastKnownFileType = text.xcconfig; path = "Search-Paths.xcconfig"; sourceTree = "<group>"; };
		05C3C16C2A856B6F00436F6D /* Apple-LLVM.xcconfig */ = {isa = PBXFileReference; lastKnownFileType = text.xcconfig; path = "Apple-LLVM.xcconfig"; sourceTree = "<group>"; };
		05C3C16F2A856B6F00436F6D /* Modules.xcconfig */ = {isa = PBXFileReference; lastKnownFileType = text.xcconfig; path = Modules.xcconfig; sourceTree = "<group>"; };
		05C3C1702A856B6F00436F6D /* Objective-C.xcconfig */ = {isa = PBXFileReference; lastKnownFileType = text.xcconfig; path = "Objective-C.xcconfig"; sourceTree = "<group>"; };
		05C3C1712A856B6F00436F6D /* C++.xcconfig */ = {isa = PBXFileReference; lastKnownFileType = text.xcconfig; path = "C++.xcconfig"; sourceTree = "<group>"; };
		05C3C1722A856B6F00436F6D /* Code-Generation.xcconfig */ = {isa = PBXFileReference; lastKnownFileType = text.xcconfig; path = "Code-Generation.xcconfig"; sourceTree = "<group>"; };
		05C3C1732A856B6F00436F6D /* Address-Sanitizer.xcconfig */ = {isa = PBXFileReference; lastKnownFileType = text.xcconfig; path = "Address-Sanitizer.xcconfig"; sourceTree = "<group>"; };
		05C3C1742A856B6F00436F6D /* Language.xcconfig */ = {isa = PBXFileReference; lastKnownFileType = text.xcconfig; path = Language.xcconfig; sourceTree = "<group>"; };
		05C3C1752A856B6F00436F6D /* Warnings.xcconfig */ = {isa = PBXFileReference; lastKnownFileType = text.xcconfig; path = Warnings.xcconfig; sourceTree = "<group>"; };
		05C3C1762A856B6F00436F6D /* Undefined-Behavior-Sanitizer.xcconfig */ = {isa = PBXFileReference; lastKnownFileType = text.xcconfig; path = "Undefined-Behavior-Sanitizer.xcconfig"; sourceTree = "<group>"; };
		05C3C1772A856B6F00436F6D /* Warning-Policies.xcconfig */ = {isa = PBXFileReference; lastKnownFileType = text.xcconfig; path = "Warning-Policies.xcconfig"; sourceTree = "<group>"; };
		05C3C1792A856B6F00436F6D /* Objective-C-ARC.xcconfig */ = {isa = PBXFileReference; lastKnownFileType = text.xcconfig; path = "Objective-C-ARC.xcconfig"; sourceTree = "<group>"; };
		05C3C17A2A856B6F00436F6D /* Objective-C.xcconfig */ = {isa = PBXFileReference; lastKnownFileType = text.xcconfig; path = "Objective-C.xcconfig"; sourceTree = "<group>"; };
		05C3C17B2A856B6F00436F6D /* C++.xcconfig */ = {isa = PBXFileReference; lastKnownFileType = text.xcconfig; path = "C++.xcconfig"; sourceTree = "<group>"; };
		05C3C17C2A856B6F00436F6D /* All-Languages.xcconfig */ = {isa = PBXFileReference; lastKnownFileType = text.xcconfig; path = "All-Languages.xcconfig"; sourceTree = "<group>"; };
		05C3C17D2A856B6F00436F6D /* Preprocessing.xcconfig */ = {isa = PBXFileReference; lastKnownFileType = text.xcconfig; path = Preprocessing.xcconfig; sourceTree = "<group>"; };
		05C3C17E2A856B6F00436F6D /* Debug - Library.xcconfig */ = {isa = PBXFileReference; lastKnownFileType = text.xcconfig; path = "Debug - Library.xcconfig"; sourceTree = "<group>"; };
		05C3C17F2A856B6F00436F6D /* .gitignore */ = {isa = PBXFileReference; lastKnownFileType = text; path = .gitignore; sourceTree = "<group>"; };
		05C3C1812A856B6F00436F6D /* ccache-config.sh */ = {isa = PBXFileReference; lastKnownFileType = text.script.sh; path = "ccache-config.sh"; sourceTree = "<group>"; };
		05C3C1822A856B6F00436F6D /* ccache.sh */ = {isa = PBXFileReference; lastKnownFileType = text.script.sh; path = ccache.sh; sourceTree = "<group>"; };
		05C3C1842A856B6F00436F6D /* FUNDING.yml */ = {isa = PBXFileReference; lastKnownFileType = text.yaml; path = FUNDING.yml; sourceTree = "<group>"; };
		05C3C1852A856B6F00436F6D /* Debug - zld.xcconfig */ = {isa = PBXFileReference; lastKnownFileType = text.xcconfig; path = "Debug - zld.xcconfig"; sourceTree = "<group>"; };
		05C3C1972A856EA000436F6D /* MOS-6502-Emulator.xctestplan */ = {isa = PBXFileReference; lastKnownFileType = text; path = "MOS-6502-Emulator.xctestplan"; sourceTree = "<group>"; };
		05C3C19C2A856EC400436F6D /* MOS-6502-Tests.xctest */ = {isa = PBXFileReference; explicitFileType = wrapper.cfbundle; includeInIndex = 0; path = "MOS-6502-Tests.xctest"; sourceTree = BUILT_PRODUCTS_DIR; };
		05C3C19E2A856EC400436F6D /* Test-Memory.swift */ = {isa = PBXFileReference; lastKnownFileType = sourcecode.swift; path = "Test-Memory.swift"; sourceTree = "<group>"; };
		05C3C1A62A85700100436F6D /* Memory.swift */ = {isa = PBXFileReference; lastKnownFileType = sourcecode.swift; path = Memory.swift; sourceTree = "<group>"; };
		05C3C1A82A85700700436F6D /* CPU.swift */ = {isa = PBXFileReference; lastKnownFileType = sourcecode.swift; path = CPU.swift; sourceTree = "<group>"; };
		05C3C1AA2A85703200436F6D /* Test-CPU.swift */ = {isa = PBXFileReference; lastKnownFileType = sourcecode.swift; path = "Test-CPU.swift"; sourceTree = "<group>"; };
		05C3C1B02A85708C00436F6D /* MOS-6502-Demo */ = {isa = PBXFileReference; explicitFileType = "compiled.mach-o.executable"; includeInIndex = 0; path = "MOS-6502-Demo"; sourceTree = BUILT_PRODUCTS_DIR; };
		05C3C1B22A85708C00436F6D /* main.swift */ = {isa = PBXFileReference; lastKnownFileType = sourcecode.swift; path = main.swift; sourceTree = "<group>"; };
		05C3C1BB2A85710800436F6D /* MOS-6502-Demo.xctestplan */ = {isa = PBXFileReference; lastKnownFileType = text; path = "MOS-6502-Demo.xctestplan"; sourceTree = "<group>"; };
		05C3C1BC2A8572B100436F6D /* RuntimeError.swift */ = {isa = PBXFileReference; lastKnownFileType = sourcecode.swift; path = RuntimeError.swift; sourceTree = "<group>"; };
		05C3C1D42A85948500436F6D /* Registers.swift */ = {isa = PBXFileReference; lastKnownFileType = sourcecode.swift; path = Registers.swift; sourceTree = "<group>"; };
		05C3C1D62A85A43A00436F6D /* Instructions.swift */ = {isa = PBXFileReference; lastKnownFileType = sourcecode.swift; path = Instructions.swift; sourceTree = "<group>"; };
		05C3C1D92A85A96600436F6D /* LDA.swift */ = {isa = PBXFileReference; lastKnownFileType = sourcecode.swift; path = LDA.swift; sourceTree = "<group>"; };
		05C3C1DB2A85ABFF00436F6D /* BinaryInteger.swift */ = {isa = PBXFileReference; lastKnownFileType = sourcecode.swift; path = BinaryInteger.swift; sourceTree = "<group>"; };
		05C3C1DD2A85B1A400436F6D /* LDX.swift */ = {isa = PBXFileReference; lastKnownFileType = sourcecode.swift; path = LDX.swift; sourceTree = "<group>"; };
		05C3C1DF2A85B1AE00436F6D /* LDY.swift */ = {isa = PBXFileReference; lastKnownFileType = sourcecode.swift; path = LDY.swift; sourceTree = "<group>"; };
		05C3C1E12A85B28F00436F6D /* LD.swift */ = {isa = PBXFileReference; lastKnownFileType = sourcecode.swift; path = LD.swift; sourceTree = "<group>"; };
		05C3C1E32A8645F200436F6D /* Test-Registers-Flags.swift */ = {isa = PBXFileReference; lastKnownFileType = sourcecode.swift; path = "Test-Registers-Flags.swift"; sourceTree = "<group>"; };
		05C3C1E52A86471300436F6D /* Test-BinaryInteger.swift */ = {isa = PBXFileReference; lastKnownFileType = sourcecode.swift; path = "Test-BinaryInteger.swift"; sourceTree = "<group>"; };
		05C3C1F02A8655B100436F6D /* CLD.swift */ = {isa = PBXFileReference; lastKnownFileType = sourcecode.swift; path = CLD.swift; sourceTree = "<group>"; };
		05C3C1F22A86572F00436F6D /* CLI.swift */ = {isa = PBXFileReference; lastKnownFileType = sourcecode.swift; path = CLI.swift; sourceTree = "<group>"; };
		05C3C1F62A865D5300436F6D /* Computer.swift */ = {isa = PBXFileReference; lastKnownFileType = sourcecode.swift; path = Computer.swift; sourceTree = "<group>"; };
		05C3C1F82A865D5900436F6D /* ROM.swift */ = {isa = PBXFileReference; lastKnownFileType = sourcecode.swift; path = ROM.swift; sourceTree = "<group>"; };
		05C3C1FA2A865D6D00436F6D /* Apple1ROM.swift */ = {isa = PBXFileReference; lastKnownFileType = sourcecode.swift; path = Apple1ROM.swift; sourceTree = "<group>"; };
		05C3C1FE2A8661E800436F6D /* Disassembler.swift */ = {isa = PBXFileReference; lastKnownFileType = sourcecode.swift; path = Disassembler.swift; sourceTree = "<group>"; };
		05C3C2002A86798200436F6D /* STA.swift */ = {isa = PBXFileReference; lastKnownFileType = sourcecode.swift; path = STA.swift; sourceTree = "<group>"; };
		05C3C2022A86798800436F6D /* STX.swift */ = {isa = PBXFileReference; lastKnownFileType = sourcecode.swift; path = STX.swift; sourceTree = "<group>"; };
		05C3C2042A86798D00436F6D /* STY.swift */ = {isa = PBXFileReference; lastKnownFileType = sourcecode.swift; path = STY.swift; sourceTree = "<group>"; };
		05C3C2072A867F4600436F6D /* Apple1BasicROM.swift */ = {isa = PBXFileReference; lastKnownFileType = sourcecode.swift; path = Apple1BasicROM.swift; sourceTree = "<group>"; };
		05C3C2092A8687EC00436F6D /* Test-Instruction-LDA.swift */ = {isa = PBXFileReference; lastKnownFileType = sourcecode.swift; path = "Test-Instruction-LDA.swift"; sourceTree = "<group>"; };
		05C3C20B2A868A6300436F6D /* Test-Instruction.swift */ = {isa = PBXFileReference; lastKnownFileType = sourcecode.swift; path = "Test-Instruction.swift"; sourceTree = "<group>"; };
		05C3C20D2A868C8900436F6D /* Test-Instruction-CLD.swift */ = {isa = PBXFileReference; lastKnownFileType = sourcecode.swift; path = "Test-Instruction-CLD.swift"; sourceTree = "<group>"; };
		05C3C20F2A868D2300436F6D /* Test-Instruction-CLI.swift */ = {isa = PBXFileReference; lastKnownFileType = sourcecode.swift; path = "Test-Instruction-CLI.swift"; sourceTree = "<group>"; };
		05C3C2112A87A11D00436F6D /* Instruction.swift */ = {isa = PBXFileReference; lastKnownFileType = sourcecode.swift; path = Instruction.swift; sourceTree = "<group>"; };
/* End PBXFileReference section */

/* Begin PBXFrameworksBuildPhase section */
		05C3C1392A8568D500436F6D /* Frameworks */ = {
			isa = PBXFrameworksBuildPhase;
			buildActionMask = 2147483647;
			files = (
			);
			runOnlyForDeploymentPostprocessing = 0;
		};
		05C3C1992A856EC400436F6D /* Frameworks */ = {
			isa = PBXFrameworksBuildPhase;
			buildActionMask = 2147483647;
			files = (
				05C3C1A02A856EC400436F6D /* libMOS-6502-Emulator.a in Frameworks */,
			);
			runOnlyForDeploymentPostprocessing = 0;
		};
		05C3C1AD2A85708C00436F6D /* Frameworks */ = {
			isa = PBXFrameworksBuildPhase;
			buildActionMask = 2147483647;
			files = (
				05C3C1BA2A8570A900436F6D /* libMOS-6502-Emulator.a in Frameworks */,
			);
			runOnlyForDeploymentPostprocessing = 0;
		};
/* End PBXFrameworksBuildPhase section */

/* Begin PBXGroup section */
		05C3C1322A8568D500436F6D = {
			isa = PBXGroup;
			children = (
				05C3C1472A85698100436F6D /* README.md */,
				05C3C1482A85698100436F6D /* CODE_OF_CONDUCT.md */,
				05C3C1492A85698100436F6D /* LICENSE */,
				05C3C1972A856EA000436F6D /* MOS-6502-Emulator.xctestplan */,
				05C3C1BB2A85710800436F6D /* MOS-6502-Demo.xctestplan */,
				05C3C14A2A856AA400436F6D /* .github */,
				05C3C14E2A856B6F00436F6D /* xcconfig */,
				05C3C13D2A8568D500436F6D /* MOS-6502-Emulator */,
				05C3C19D2A856EC400436F6D /* MOS-6502-Tests */,
				05C3C1B12A85708C00436F6D /* MOS-6502-Demo */,
				05C3C13C2A8568D500436F6D /* Products */,
				05C3C1B92A8570A900436F6D /* Frameworks */,
			);
			sourceTree = "<group>";
		};
		05C3C13C2A8568D500436F6D /* Products */ = {
			isa = PBXGroup;
			children = (
				05C3C13B2A8568D500436F6D /* libMOS-6502-Emulator.a */,
				05C3C19C2A856EC400436F6D /* MOS-6502-Tests.xctest */,
				05C3C1B02A85708C00436F6D /* MOS-6502-Demo */,
			);
			name = Products;
			sourceTree = "<group>";
		};
		05C3C13D2A8568D500436F6D /* MOS-6502-Emulator */ = {
			isa = PBXGroup;
			children = (
				05C3C1DB2A85ABFF00436F6D /* BinaryInteger.swift */,
				05C3C1F62A865D5300436F6D /* Computer.swift */,
				05C3C1A82A85700700436F6D /* CPU.swift */,
				05C3C1FE2A8661E800436F6D /* Disassembler.swift */,
				05C3C1D82A85A95A00436F6D /* Instructions */,
				05C3C1D62A85A43A00436F6D /* Instructions.swift */,
				05C3C2112A87A11D00436F6D /* Instruction.swift */,
				05C3C1A62A85700100436F6D /* Memory.swift */,
				05C3C1D42A85948500436F6D /* Registers.swift */,
				05C3C1F82A865D5900436F6D /* ROM.swift */,
				05C3C1BC2A8572B100436F6D /* RuntimeError.swift */,
				05C3C2062A867F2400436F6D /* ROMS */,
			);
			path = "MOS-6502-Emulator";
			sourceTree = "<group>";
		};
		05C3C14A2A856AA400436F6D /* .github */ = {
			isa = PBXGroup;
			children = (
				05C3C14B2A856AA400436F6D /* FUNDING.yml */,
				05C3C14C2A856AA400436F6D /* workflows */,
			);
			path = .github;
			sourceTree = "<group>";
		};
		05C3C14C2A856AA400436F6D /* workflows */ = {
			isa = PBXGroup;
			children = (
				05C3C14D2A856AA400436F6D /* ci-mac.yaml */,
			);
			path = workflows;
			sourceTree = "<group>";
		};
		05C3C14E2A856B6F00436F6D /* xcconfig */ = {
			isa = PBXGroup;
			children = (
				05C3C14F2A856B6F00436F6D /* CODE_OF_CONDUCT.md */,
				05C3C1502A856B6F00436F6D /* Release - ccache.xcconfig */,
				05C3C1512A856B6F00436F6D /* Common.xcconfig */,
				05C3C1522A856B6F00436F6D /* Debug - ccache.xcconfig */,
				05C3C1532A856B6F00436F6D /* Debug.xcconfig */,
				05C3C1542A856B6F00436F6D /* Release.xcconfig */,
				05C3C1552A856B6F00436F6D /* README.md */,
				05C3C1562A856B6F00436F6D /* Release - Library.xcconfig */,
				05C3C1572A856B6F00436F6D /* Common */,
				05C3C17E2A856B6F00436F6D /* Debug - Library.xcconfig */,
				05C3C17F2A856B6F00436F6D /* .gitignore */,
				05C3C1802A856B6F00436F6D /* Scripts */,
				05C3C1832A856B6F00436F6D /* .github */,
				05C3C1852A856B6F00436F6D /* Debug - zld.xcconfig */,
			);
			name = xcconfig;
			path = Submodules/xcconfig;
			sourceTree = "<group>";
		};
		05C3C1572A856B6F00436F6D /* Common */ = {
			isa = PBXGroup;
			children = (
				05C3C1582A856B6F00436F6D /* Signing.xcconfig */,
				05C3C1592A856B6F00436F6D /* Architectures.xcconfig */,
				05C3C15A2A856B6F00436F6D /* Static-Analyzer */,
				05C3C1622A856B6F00436F6D /* Deployment.xcconfig */,
				05C3C1632A856B6F00436F6D /* Build-Options.xcconfig */,
				05C3C1642A856B6F00436F6D /* Swift-Compiler.xcconfig */,
				05C3C1652A856B6F00436F6D /* Static-Analyzer.xcconfig */,
				05C3C1662A856B6F00436F6D /* Swift-Compiler */,
				05C3C16B2A856B6F00436F6D /* Search-Paths.xcconfig */,
				05C3C16C2A856B6F00436F6D /* Apple-LLVM.xcconfig */,
				05C3C16D2A856B6F00436F6D /* Apple-LLVM */,
			);
			path = Common;
			sourceTree = "<group>";
		};
		05C3C15A2A856B6F00436F6D /* Static-Analyzer */ = {
			isa = PBXGroup;
			children = (
				05C3C15B2A856B6F00436F6D /* Issues.xcconfig */,
				05C3C15C2A856B6F00436F6D /* Issues */,
			);
			path = "Static-Analyzer";
			sourceTree = "<group>";
		};
		05C3C15C2A856B6F00436F6D /* Issues */ = {
			isa = PBXGroup;
			children = (
				05C3C15D2A856B6F00436F6D /* Apple-APIs.xcconfig */,
				05C3C15E2A856B6F00436F6D /* Generic-Issues.xcconfig */,
				05C3C15F2A856B6F00436F6D /* Security.xcconfig */,
				05C3C1602A856B6F00436F6D /* Objective-C.xcconfig */,
				05C3C1612A856B6F00436F6D /* Analysis-Policy.xcconfig */,
			);
			path = Issues;
			sourceTree = "<group>";
		};
		05C3C1662A856B6F00436F6D /* Swift-Compiler */ = {
			isa = PBXGroup;
			children = (
				05C3C1672A856B6F00436F6D /* Warnings-Policies.xcconfig */,
				05C3C1682A856B6F00436F6D /* Code-Generation.xcconfig */,
				05C3C1692A856B6F00436F6D /* Language.xcconfig */,
				05C3C16A2A856B6F00436F6D /* General.xcconfig */,
			);
			path = "Swift-Compiler";
			sourceTree = "<group>";
		};
		05C3C16D2A856B6F00436F6D /* Apple-LLVM */ = {
			isa = PBXGroup;
			children = (
				05C3C16E2A856B6F00436F6D /* Language */,
				05C3C1722A856B6F00436F6D /* Code-Generation.xcconfig */,
				05C3C1732A856B6F00436F6D /* Address-Sanitizer.xcconfig */,
				05C3C1742A856B6F00436F6D /* Language.xcconfig */,
				05C3C1752A856B6F00436F6D /* Warnings.xcconfig */,
				05C3C1762A856B6F00436F6D /* Undefined-Behavior-Sanitizer.xcconfig */,
				05C3C1772A856B6F00436F6D /* Warning-Policies.xcconfig */,
				05C3C1782A856B6F00436F6D /* Warnings */,
				05C3C17D2A856B6F00436F6D /* Preprocessing.xcconfig */,
			);
			path = "Apple-LLVM";
			sourceTree = "<group>";
		};
		05C3C16E2A856B6F00436F6D /* Language */ = {
			isa = PBXGroup;
			children = (
				05C3C16F2A856B6F00436F6D /* Modules.xcconfig */,
				05C3C1702A856B6F00436F6D /* Objective-C.xcconfig */,
				05C3C1712A856B6F00436F6D /* C++.xcconfig */,
			);
			path = Language;
			sourceTree = "<group>";
		};
		05C3C1782A856B6F00436F6D /* Warnings */ = {
			isa = PBXGroup;
			children = (
				05C3C1792A856B6F00436F6D /* Objective-C-ARC.xcconfig */,
				05C3C17A2A856B6F00436F6D /* Objective-C.xcconfig */,
				05C3C17B2A856B6F00436F6D /* C++.xcconfig */,
				05C3C17C2A856B6F00436F6D /* All-Languages.xcconfig */,
			);
			path = Warnings;
			sourceTree = "<group>";
		};
		05C3C1802A856B6F00436F6D /* Scripts */ = {
			isa = PBXGroup;
			children = (
				05C3C1812A856B6F00436F6D /* ccache-config.sh */,
				05C3C1822A856B6F00436F6D /* ccache.sh */,
			);
			path = Scripts;
			sourceTree = "<group>";
		};
		05C3C1832A856B6F00436F6D /* .github */ = {
			isa = PBXGroup;
			children = (
				05C3C1842A856B6F00436F6D /* FUNDING.yml */,
			);
			path = .github;
			sourceTree = "<group>";
		};
		05C3C19D2A856EC400436F6D /* MOS-6502-Tests */ = {
			isa = PBXGroup;
			children = (
				05C3C1E52A86471300436F6D /* Test-BinaryInteger.swift */,
				05C3C1AA2A85703200436F6D /* Test-CPU.swift */,
				05C3C19E2A856EC400436F6D /* Test-Memory.swift */,
				05C3C1E32A8645F200436F6D /* Test-Registers-Flags.swift */,
				05C3C2092A8687EC00436F6D /* Test-Instruction-LDA.swift */,
				05C3C20D2A868C8900436F6D /* Test-Instruction-CLD.swift */,
				05C3C20F2A868D2300436F6D /* Test-Instruction-CLI.swift */,
				05C3C20B2A868A6300436F6D /* Test-Instruction.swift */,
			);
			path = "MOS-6502-Tests";
			sourceTree = "<group>";
		};
		05C3C1B12A85708C00436F6D /* MOS-6502-Demo */ = {
			isa = PBXGroup;
			children = (
				05C3C1B22A85708C00436F6D /* main.swift */,
			);
			path = "MOS-6502-Demo";
			sourceTree = "<group>";
		};
		05C3C1B92A8570A900436F6D /* Frameworks */ = {
			isa = PBXGroup;
			children = (
			);
			name = Frameworks;
			sourceTree = "<group>";
		};
		05C3C1D82A85A95A00436F6D /* Instructions */ = {
			isa = PBXGroup;
			children = (
				05C3C1F02A8655B100436F6D /* CLD.swift */,
				05C3C1F22A86572F00436F6D /* CLI.swift */,
				05C3C1E12A85B28F00436F6D /* LD.swift */,
				05C3C1D92A85A96600436F6D /* LDA.swift */,
				05C3C1DD2A85B1A400436F6D /* LDX.swift */,
				05C3C1DF2A85B1AE00436F6D /* LDY.swift */,
				05C3C2002A86798200436F6D /* STA.swift */,
				05C3C2022A86798800436F6D /* STX.swift */,
				05C3C2042A86798D00436F6D /* STY.swift */,
			);
			path = Instructions;
			sourceTree = "<group>";
		};
		05C3C2062A867F2400436F6D /* ROMS */ = {
			isa = PBXGroup;
			children = (
				05C3C1FA2A865D6D00436F6D /* Apple1ROM.swift */,
				05C3C2072A867F4600436F6D /* Apple1BasicROM.swift */,
			);
			path = ROMS;
			sourceTree = "<group>";
		};
/* End PBXGroup section */

/* Begin PBXHeadersBuildPhase section */
		05C3C1372A8568D500436F6D /* Headers */ = {
			isa = PBXHeadersBuildPhase;
			buildActionMask = 2147483647;
			files = (
			);
			runOnlyForDeploymentPostprocessing = 0;
		};
/* End PBXHeadersBuildPhase section */

/* Begin PBXNativeTarget section */
		05C3C13A2A8568D500436F6D /* MOS-6502-Emulator */ = {
			isa = PBXNativeTarget;
			buildConfigurationList = 05C3C1442A8568D500436F6D /* Build configuration list for PBXNativeTarget "MOS-6502-Emulator" */;
			buildPhases = (
				05C3C1372A8568D500436F6D /* Headers */,
				05C3C1382A8568D500436F6D /* Sources */,
				05C3C1392A8568D500436F6D /* Frameworks */,
			);
			buildRules = (
			);
			dependencies = (
			);
			name = "MOS-6502-Emulator";
			productName = "MOS-6502-Emulator";
			productReference = 05C3C13B2A8568D500436F6D /* libMOS-6502-Emulator.a */;
			productType = "com.apple.product-type.library.static";
		};
		05C3C19B2A856EC400436F6D /* MOS-6502-Tests */ = {
			isa = PBXNativeTarget;
			buildConfigurationList = 05C3C1A32A856EC400436F6D /* Build configuration list for PBXNativeTarget "MOS-6502-Tests" */;
			buildPhases = (
				05C3C1982A856EC400436F6D /* Sources */,
				05C3C1992A856EC400436F6D /* Frameworks */,
				05C3C19A2A856EC400436F6D /* Resources */,
			);
			buildRules = (
			);
			dependencies = (
				05C3C1A22A856EC400436F6D /* PBXTargetDependency */,
			);
			name = "MOS-6502-Tests";
			productName = "MOS-6502-Tests";
			productReference = 05C3C19C2A856EC400436F6D /* MOS-6502-Tests.xctest */;
			productType = "com.apple.product-type.bundle.unit-test";
		};
		05C3C1AF2A85708C00436F6D /* MOS-6502-Demo */ = {
			isa = PBXNativeTarget;
			buildConfigurationList = 05C3C1B42A85708C00436F6D /* Build configuration list for PBXNativeTarget "MOS-6502-Demo" */;
			buildPhases = (
				05C3C1AC2A85708C00436F6D /* Sources */,
				05C3C1AD2A85708C00436F6D /* Frameworks */,
				05C3C1EC2A8652BF00436F6D /* CopyFiles */,
			);
			buildRules = (
			);
			dependencies = (
				05C3C1B82A8570A500436F6D /* PBXTargetDependency */,
			);
			name = "MOS-6502-Demo";
			productName = "MOS-6502-Demo";
			productReference = 05C3C1B02A85708C00436F6D /* MOS-6502-Demo */;
			productType = "com.apple.product-type.tool";
		};
/* End PBXNativeTarget section */

/* Begin PBXProject section */
		05C3C1332A8568D500436F6D /* Project object */ = {
			isa = PBXProject;
			attributes = {
				BuildIndependentTargetsInParallel = 1;
				LastSwiftUpdateCheck = 1430;
				LastUpgradeCheck = 1430;
				TargetAttributes = {
					05C3C13A2A8568D500436F6D = {
						CreatedOnToolsVersion = 14.3.1;
						LastSwiftMigration = 1430;
					};
					05C3C19B2A856EC400436F6D = {
						CreatedOnToolsVersion = 14.3.1;
					};
					05C3C1AF2A85708C00436F6D = {
						CreatedOnToolsVersion = 14.3.1;
					};
				};
			};
			buildConfigurationList = 05C3C1362A8568D500436F6D /* Build configuration list for PBXProject "MOS-6502-Emulator" */;
			compatibilityVersion = "Xcode 14.0";
			developmentRegion = en;
			hasScannedForEncodings = 0;
			knownRegions = (
				en,
				Base,
			);
			mainGroup = 05C3C1322A8568D500436F6D;
			productRefGroup = 05C3C13C2A8568D500436F6D /* Products */;
			projectDirPath = "";
			projectRoot = "";
			targets = (
				05C3C13A2A8568D500436F6D /* MOS-6502-Emulator */,
				05C3C19B2A856EC400436F6D /* MOS-6502-Tests */,
				05C3C1AF2A85708C00436F6D /* MOS-6502-Demo */,
			);
		};
/* End PBXProject section */

/* Begin PBXResourcesBuildPhase section */
		05C3C19A2A856EC400436F6D /* Resources */ = {
			isa = PBXResourcesBuildPhase;
			buildActionMask = 2147483647;
			files = (
			);
			runOnlyForDeploymentPostprocessing = 0;
		};
/* End PBXResourcesBuildPhase section */

/* Begin PBXSourcesBuildPhase section */
		05C3C1382A8568D500436F6D /* Sources */ = {
			isa = PBXSourcesBuildPhase;
			buildActionMask = 2147483647;
			files = (
				05C3C1FB2A865D6D00436F6D /* Apple1ROM.swift in Sources */,
				05C3C1DC2A85ABFF00436F6D /* BinaryInteger.swift in Sources */,
				05C3C1F72A865D5300436F6D /* Computer.swift in Sources */,
				05C3C2122A87A11D00436F6D /* Instruction.swift in Sources */,
				05C3C1BD2A8572B100436F6D /* RuntimeError.swift in Sources */,
				05C3C1DA2A85A96600436F6D /* LDA.swift in Sources */,
				05C3C1F12A8655B100436F6D /* CLD.swift in Sources */,
				05C3C1E22A85B28F00436F6D /* LD.swift in Sources */,
				05C3C1D72A85A43A00436F6D /* Instructions.swift in Sources */,
				05C3C1DE2A85B1A400436F6D /* LDX.swift in Sources */,
				05C3C2012A86798200436F6D /* STA.swift in Sources */,
				05C3C1A92A85700700436F6D /* CPU.swift in Sources */,
				05C3C1F32A86572F00436F6D /* CLI.swift in Sources */,
				05C3C2052A86798D00436F6D /* STY.swift in Sources */,
				05C3C1FF2A8661E800436F6D /* Disassembler.swift in Sources */,
				05C3C1D52A85948500436F6D /* Registers.swift in Sources */,
				05C3C1E02A85B1AE00436F6D /* LDY.swift in Sources */,
				05C3C2032A86798800436F6D /* STX.swift in Sources */,
				05C3C1F92A865D5900436F6D /* ROM.swift in Sources */,
				05C3C2082A867F4600436F6D /* Apple1BasicROM.swift in Sources */,
				05C3C1A72A85700100436F6D /* Memory.swift in Sources */,
			);
			runOnlyForDeploymentPostprocessing = 0;
		};
		05C3C1982A856EC400436F6D /* Sources */ = {
			isa = PBXSourcesBuildPhase;
			buildActionMask = 2147483647;
			files = (
				05C3C1AB2A85703200436F6D /* Test-CPU.swift in Sources */,
				05C3C2102A868D2300436F6D /* Test-Instruction-CLI.swift in Sources */,
				05C3C19F2A856EC400436F6D /* Test-Memory.swift in Sources */,
				05C3C20C2A868A6300436F6D /* Test-Instruction.swift in Sources */,
				05C3C20A2A8687EC00436F6D /* Test-Instruction-LDA.swift in Sources */,
				05C3C20E2A868C8900436F6D /* Test-Instruction-CLD.swift in Sources */,
				05C3C1E42A8645F200436F6D /* Test-Registers-Flags.swift in Sources */,
				05C3C1E62A86471300436F6D /* Test-BinaryInteger.swift in Sources */,
			);
			runOnlyForDeploymentPostprocessing = 0;
		};
		05C3C1AC2A85708C00436F6D /* Sources */ = {
			isa = PBXSourcesBuildPhase;
			buildActionMask = 2147483647;
			files = (
				05C3C1B32A85708C00436F6D /* main.swift in Sources */,
			);
			runOnlyForDeploymentPostprocessing = 0;
		};
/* End PBXSourcesBuildPhase section */

/* Begin PBXTargetDependency section */
		05C3C1A22A856EC400436F6D /* PBXTargetDependency */ = {
			isa = PBXTargetDependency;
			target = 05C3C13A2A8568D500436F6D /* MOS-6502-Emulator */;
			targetProxy = 05C3C1A12A856EC400436F6D /* PBXContainerItemProxy */;
		};
		05C3C1B82A8570A500436F6D /* PBXTargetDependency */ = {
			isa = PBXTargetDependency;
			target = 05C3C13A2A8568D500436F6D /* MOS-6502-Emulator */;
			targetProxy = 05C3C1B72A8570A500436F6D /* PBXContainerItemProxy */;
		};
/* End PBXTargetDependency section */

/* Begin XCBuildConfiguration section */
		05C3C1422A8568D500436F6D /* Debug */ = {
			isa = XCBuildConfiguration;
			baseConfigurationReference = 05C3C1532A856B6F00436F6D /* Debug.xcconfig */;
			buildSettings = {
				MACOSX_DEPLOYMENT_TARGET = 11.0;
			};
			name = Debug;
		};
		05C3C1432A8568D500436F6D /* Release */ = {
			isa = XCBuildConfiguration;
			baseConfigurationReference = 05C3C1542A856B6F00436F6D /* Release.xcconfig */;
			buildSettings = {
				MACOSX_DEPLOYMENT_TARGET = 11.0;
			};
			name = Release;
		};
		05C3C1452A8568D500436F6D /* Debug */ = {
			isa = XCBuildConfiguration;
			buildSettings = {
				CLANG_ENABLE_MODULES = YES;
				EXECUTABLE_PREFIX = lib;
				PRODUCT_NAME = "$(TARGET_NAME)";
				SKIP_INSTALL = YES;
				SWIFT_OPTIMIZATION_LEVEL = "-Onone";
				SWIFT_VERSION = 5.0;
			};
			name = Debug;
		};
		05C3C1462A8568D500436F6D /* Release */ = {
			isa = XCBuildConfiguration;
			buildSettings = {
				CLANG_ENABLE_MODULES = YES;
				EXECUTABLE_PREFIX = lib;
				PRODUCT_NAME = "$(TARGET_NAME)";
				SKIP_INSTALL = YES;
				SWIFT_VERSION = 5.0;
			};
			name = Release;
		};
		05C3C1A42A856EC400436F6D /* Debug */ = {
			isa = XCBuildConfiguration;
			buildSettings = {
				ALWAYS_EMBED_SWIFT_STANDARD_LIBRARIES = YES;
				CURRENT_PROJECT_VERSION = 1;
				GENERATE_INFOPLIST_FILE = YES;
				MARKETING_VERSION = 1.0;
				PRODUCT_BUNDLE_IDENTIFIER = "com.xs-labs.MOS-6502-Tests";
				PRODUCT_NAME = "$(TARGET_NAME)";
			};
			name = Debug;
		};
		05C3C1A52A856EC400436F6D /* Release */ = {
			isa = XCBuildConfiguration;
			buildSettings = {
				ALWAYS_EMBED_SWIFT_STANDARD_LIBRARIES = YES;
				CURRENT_PROJECT_VERSION = 1;
				GENERATE_INFOPLIST_FILE = YES;
				MARKETING_VERSION = 1.0;
				PRODUCT_BUNDLE_IDENTIFIER = "com.xs-labs.MOS-6502-Tests";
				PRODUCT_NAME = "$(TARGET_NAME)";
			};
			name = Release;
		};
		05C3C1B52A85708C00436F6D /* Debug */ = {
			isa = XCBuildConfiguration;
			buildSettings = {
				PRODUCT_NAME = "$(TARGET_NAME)";
			};
			name = Debug;
		};
		05C3C1B62A85708C00436F6D /* Release */ = {
			isa = XCBuildConfiguration;
			buildSettings = {
				PRODUCT_NAME = "$(TARGET_NAME)";
			};
			name = Release;
		};
/* End XCBuildConfiguration section */

/* Begin XCConfigurationList section */
		05C3C1362A8568D500436F6D /* Build configuration list for PBXProject "MOS-6502-Emulator" */ = {
			isa = XCConfigurationList;
			buildConfigurations = (
				05C3C1422A8568D500436F6D /* Debug */,
				05C3C1432A8568D500436F6D /* Release */,
			);
			defaultConfigurationIsVisible = 0;
			defaultConfigurationName = Release;
		};
		05C3C1442A8568D500436F6D /* Build configuration list for PBXNativeTarget "MOS-6502-Emulator" */ = {
			isa = XCConfigurationList;
			buildConfigurations = (
				05C3C1452A8568D500436F6D /* Debug */,
				05C3C1462A8568D500436F6D /* Release */,
			);
			defaultConfigurationIsVisible = 0;
			defaultConfigurationName = Release;
		};
		05C3C1A32A856EC400436F6D /* Build configuration list for PBXNativeTarget "MOS-6502-Tests" */ = {
			isa = XCConfigurationList;
			buildConfigurations = (
				05C3C1A42A856EC400436F6D /* Debug */,
				05C3C1A52A856EC400436F6D /* Release */,
			);
			defaultConfigurationIsVisible = 0;
			defaultConfigurationName = Release;
		};
		05C3C1B42A85708C00436F6D /* Build configuration list for PBXNativeTarget "MOS-6502-Demo" */ = {
			isa = XCConfigurationList;
			buildConfigurations = (
				05C3C1B52A85708C00436F6D /* Debug */,
				05C3C1B62A85708C00436F6D /* Release */,
			);
			defaultConfigurationIsVisible = 0;
			defaultConfigurationName = Release;
		};
/* End XCConfigurationList section */
	};
	rootObject = 05C3C1332A8568D500436F6D /* Project object */;
}
